
Microsoft Visual Studio Solution File, Format Version 12.00
# Visual Studio Version 16
VisualStudioVersion = 16.0.35425.106
MinimumVisualStudioVersion = 10.0.40219.1
Project("{FAE04EC0-301F-11D3-BF4B-00C04F79EFBC}") = "ViManagement", "ViManagement\ViManagement.csproj", "{F3AAEE2F-585E-4A18-BB31-E56C95EA7BFD}"
EndProject
Global
	GlobalSection(SolutionConfigurationPlatforms) = preSolution
		Debug|Any CPU = Debug|Any CPU
		Release|Any CPU = Release|Any CPU
	EndGlobalSection
	GlobalSection(ProjectConfigurationPlatforms) = postSolution
		{F3AAEE2F-585E-4A18-BB31-E56C95EA7BFD}.Debug|Any CPU.ActiveCfg = Debug|Any CPU
		{F3AAEE2F-585E-4A18-BB31-E56C95EA7BFD}.Debug|Any CPU.Build.0 = Debug|Any CPU
		{F3AAEE2F-585E-4A18-BB31-E56C95EA7BFD}.Release|Any CPU.ActiveCfg = Release|Any CPU
		{F3AAEE2F-585E-4A18-BB31-E56C95EA7BFD}.Release|Any CPU.Build.0 = Release|Any CPU
	EndGlobalSection
	GlobalSection(SolutionProperties) = preSolution
		HideSolutionNode = FALSE
	EndGlobalSection
	GlobalSection(ExtensibilityGlobals) = postSolution
		SolutionGuid = {E684871B-75C9-4D31-BA39-FF73F6ACA85A}
	EndGlobalSection
EndGlobal
